// !$*UTF8*$!
{
	archiveVersion = 1;
	classes = {
	};
	objectVersion = 56;
	objects = {

/* Begin PBXBuildFile section */
		845AB0632A7FB4C2009E73F4 /* MVCController.swift in Sources */ = {isa = PBXBuildFile; fileRef = 845AB0622A7FB4C2009E73F4 /* MVCController.swift */; };
		845AB0662A7FB4EA009E73F4 /* DetailedSettingsViewController.swift in Sources */ = {isa = PBXBuildFile; fileRef = 845AB0652A7FB4EA009E73F4 /* DetailedSettingsViewController.swift */; };
		845AB0682A7FB4FC009E73F4 /* MVCView.swift in Sources */ = {isa = PBXBuildFile; fileRef = 845AB0672A7FB4FC009E73F4 /* MVCView.swift */; };
		845AB06A2A7FB531009E73F4 /* DetailedSettingsView.swift in Sources */ = {isa = PBXBuildFile; fileRef = 845AB0692A7FB531009E73F4 /* DetailedSettingsView.swift */; };
		84B9C76B2A59B867005758C0 /* AppDelegate.swift in Sources */ = {isa = PBXBuildFile; fileRef = 84B9C76A2A59B867005758C0 /* AppDelegate.swift */; };
		84B9C76D2A59B867005758C0 /* SceneDelegate.swift in Sources */ = {isa = PBXBuildFile; fileRef = 84B9C76C2A59B867005758C0 /* SceneDelegate.swift */; };
		84B9C76F2A59B867005758C0 /* ViewController.swift in Sources */ = {isa = PBXBuildFile; fileRef = 84B9C76E2A59B867005758C0 /* ViewController.swift */; };
		84B9C7742A59B869005758C0 /* Assets.xcassets in Resources */ = {isa = PBXBuildFile; fileRef = 84B9C7732A59B869005758C0 /* Assets.xcassets */; };
		84B9C7772A59B869005758C0 /* LaunchScreen.storyboard in Resources */ = {isa = PBXBuildFile; fileRef = 84B9C7752A59B869005758C0 /* LaunchScreen.storyboard */; };
		84B9C7852A59BC0C005758C0 /* SnapKit in Frameworks */ = {isa = PBXBuildFile; productRef = 84B9C7842A59BC0C005758C0 /* SnapKit */; };
		84B9C7872A59C15C005758C0 /* Model.swift in Sources */ = {isa = PBXBuildFile; fileRef = 84B9C7862A59C15C005758C0 /* Model.swift */; };
		84B9C78A2A59E087005758C0 /* SettingsTableViewCell.swift in Sources */ = {isa = PBXBuildFile; fileRef = 84B9C7892A59E087005758C0 /* SettingsTableViewCell.swift */; };
		84B9C78C2A59E23F005758C0 /* SwitchTableViewCell.swift in Sources */ = {isa = PBXBuildFile; fileRef = 84B9C78B2A59E23F005758C0 /* SwitchTableViewCell.swift */; };
		84B9C78F2A5A10FC005758C0 /* DetailedSettingsViewViewController.swift in Sources */ = {isa = PBXBuildFile; fileRef = 84B9C78E2A5A10FC005758C0 /* DetailedSettingsViewViewController.swift */; };
/* End PBXBuildFile section */

/* Begin PBXFileReference section */
		845AB0622A7FB4C2009E73F4 /* MVCController.swift */ = {isa = PBXFileReference; lastKnownFileType = sourcecode.swift; path = MVCController.swift; sourceTree = "<group>"; };
		845AB0652A7FB4EA009E73F4 /* DetailedSettingsViewController.swift */ = {isa = PBXFileReference; lastKnownFileType = sourcecode.swift; path = DetailedSettingsViewController.swift; sourceTree = "<group>"; };
		845AB0672A7FB4FC009E73F4 /* MVCView.swift */ = {isa = PBXFileReference; lastKnownFileType = sourcecode.swift; path = MVCView.swift; sourceTree = "<group>"; };
		845AB0692A7FB531009E73F4 /* DetailedSettingsView.swift */ = {isa = PBXFileReference; lastKnownFileType = sourcecode.swift; path = DetailedSettingsView.swift; sourceTree = "<group>"; };
		84B9C7672A59B867005758C0 /* IOS10-HW13-Maria Glushtsova.app */ = {isa = PBXFileReference; explicitFileType = wrapper.application; includeInIndex = 0; path = "IOS10-HW13-Maria Glushtsova.app"; sourceTree = BUILT_PRODUCTS_DIR; };
		84B9C76A2A59B867005758C0 /* AppDelegate.swift */ = {isa = PBXFileReference; lastKnownFileType = sourcecode.swift; path = AppDelegate.swift; sourceTree = "<group>"; };
		84B9C76C2A59B867005758C0 /* SceneDelegate.swift */ = {isa = PBXFileReference; lastKnownFileType = sourcecode.swift; path = SceneDelegate.swift; sourceTree = "<group>"; };
		84B9C76E2A59B867005758C0 /* ViewController.swift */ = {isa = PBXFileReference; lastKnownFileType = sourcecode.swift; path = ViewController.swift; sourceTree = "<group>"; };
		84B9C7732A59B869005758C0 /* Assets.xcassets */ = {isa = PBXFileReference; lastKnownFileType = folder.assetcatalog; path = Assets.xcassets; sourceTree = "<group>"; };
		84B9C7762A59B869005758C0 /* Base */ = {isa = PBXFileReference; lastKnownFileType = file.storyboard; name = Base; path = Base.lproj/LaunchScreen.storyboard; sourceTree = "<group>"; };
		84B9C7782A59B869005758C0 /* Info.plist */ = {isa = PBXFileReference; lastKnownFileType = text.plist.xml; path = Info.plist; sourceTree = "<group>"; };
		84B9C7862A59C15C005758C0 /* Model.swift */ = {isa = PBXFileReference; lastKnownFileType = sourcecode.swift; path = Model.swift; sourceTree = "<group>"; };
		84B9C7892A59E087005758C0 /* SettingsTableViewCell.swift */ = {isa = PBXFileReference; lastKnownFileType = sourcecode.swift; path = SettingsTableViewCell.swift; sourceTree = "<group>"; };
		84B9C78B2A59E23F005758C0 /* SwitchTableViewCell.swift */ = {isa = PBXFileReference; lastKnownFileType = sourcecode.swift; path = SwitchTableViewCell.swift; sourceTree = "<group>"; };
		84B9C78E2A5A10FC005758C0 /* DetailedSettingsViewViewController.swift */ = {isa = PBXFileReference; lastKnownFileType = sourcecode.swift; path = DetailedSettingsViewViewController.swift; sourceTree = "<group>"; };
/* End PBXFileReference section */

/* Begin PBXFrameworksBuildPhase section */
		84B9C7642A59B867005758C0 /* Frameworks */ = {
			isa = PBXFrameworksBuildPhase;
			buildActionMask = 2147483647;
			files = (
				84B9C7852A59BC0C005758C0 /* SnapKit in Frameworks */,
			);
			runOnlyForDeploymentPostprocessing = 0;
		};
/* End PBXFrameworksBuildPhase section */

/* Begin PBXGroup section */
		845AB0612A7FB465009E73F4 /* Controller */ = {
			isa = PBXGroup;
			children = (
				84B9C76E2A59B867005758C0 /* ViewController.swift */,
				845AB0622A7FB4C2009E73F4 /* MVCController.swift */,
				845AB0652A7FB4EA009E73F4 /* DetailedSettingsViewController.swift */,
			);
			path = Controller;
			sourceTree = "<group>";
		};
		84B9C75E2A59B867005758C0 = {
			isa = PBXGroup;
			children = (
				84B9C7692A59B867005758C0 /* IOS10-HW13-Maria Glushtsova */,
				84B9C7682A59B867005758C0 /* Products */,
			);
			sourceTree = "<group>";
		};
		84B9C7682A59B867005758C0 /* Products */ = {
			isa = PBXGroup;
			children = (
				84B9C7672A59B867005758C0 /* IOS10-HW13-Maria Glushtsova.app */,
			);
			name = Products;
			sourceTree = "<group>";
		};
		84B9C7692A59B867005758C0 /* IOS10-HW13-Maria Glushtsova */ = {
			isa = PBXGroup;
			children = (
				84B9C77F2A59BAAA005758C0 /* Sources */,
				84B9C7822A59BAEF005758C0 /* Storyboards */,
				84B9C7812A59BAD5005758C0 /* Resources */,
			);
			path = "IOS10-HW13-Maria Glushtsova";
			sourceTree = "<group>";
		};
		84B9C77E2A59BAA0005758C0 /* App */ = {
			isa = PBXGroup;
			children = (
				84B9C76A2A59B867005758C0 /* AppDelegate.swift */,
				84B9C76C2A59B867005758C0 /* SceneDelegate.swift */,
			);
			path = App;
			sourceTree = "<group>";
		};
		84B9C77F2A59BAAA005758C0 /* Sources */ = {
			isa = PBXGroup;
			children = (
				84B9C77E2A59BAA0005758C0 /* App */,
				845AB0612A7FB465009E73F4 /* Controller */,
				84B9C7902A5A1850005758C0 /* View */,
				84B9C7882A59C168005758C0 /* Model */,
			);
			path = Sources;
			sourceTree = "<group>";
		};
		84B9C7802A59BAC3005758C0 /* Configuration */ = {
			isa = PBXGroup;
			children = (
				84B9C7782A59B869005758C0 /* Info.plist */,
			);
			path = Configuration;
			sourceTree = "<group>";
		};
		84B9C7812A59BAD5005758C0 /* Resources */ = {
			isa = PBXGroup;
			children = (
				84B9C7732A59B869005758C0 /* Assets.xcassets */,
				84B9C7802A59BAC3005758C0 /* Configuration */,
			);
			path = Resources;
			sourceTree = "<group>";
		};
		84B9C7822A59BAEF005758C0 /* Storyboards */ = {
			isa = PBXGroup;
			children = (
				84B9C7752A59B869005758C0 /* LaunchScreen.storyboard */,
			);
			path = Storyboards;
			sourceTree = "<group>";
		};
		84B9C7882A59C168005758C0 /* Model */ = {
			isa = PBXGroup;
			children = (
				84B9C7862A59C15C005758C0 /* Model.swift */,
			);
			path = Model;
			sourceTree = "<group>";
		};
		84B9C78D2A59E2CA005758C0 /* Cell */ = {
			isa = PBXGroup;
			children = (
				84B9C7892A59E087005758C0 /* SettingsTableViewCell.swift */,
				84B9C78B2A59E23F005758C0 /* SwitchTableViewCell.swift */,
			);
			path = Cell;
			sourceTree = "<group>";
		};
		84B9C7902A5A1850005758C0 /* View */ = {
			isa = PBXGroup;
			children = (
				84B9C78D2A59E2CA005758C0 /* Cell */,
				84B9C78E2A5A10FC005758C0 /* DetailedSettingsViewViewController.swift */,
				845AB0692A7FB531009E73F4 /* DetailedSettingsView.swift */,
				845AB0672A7FB4FC009E73F4 /* MVCView.swift */,
			);
			path = View;
			sourceTree = "<group>";
		};
/* End PBXGroup section */

/* Begin PBXNativeTarget section */
		84B9C7662A59B867005758C0 /* IOS10-HW13-Maria Glushtsova */ = {
			isa = PBXNativeTarget;
			buildConfigurationList = 84B9C77B2A59B869005758C0 /* Build configuration list for PBXNativeTarget "IOS10-HW13-Maria Glushtsova" */;
			buildPhases = (
				84B9C7632A59B867005758C0 /* Sources */,
				84B9C7642A59B867005758C0 /* Frameworks */,
				84B9C7652A59B867005758C0 /* Resources */,
			);
			buildRules = (
			);
			dependencies = (
			);
			name = "IOS10-HW13-Maria Glushtsova";
			packageProductDependencies = (
				84B9C7842A59BC0C005758C0 /* SnapKit */,
			);
			productName = "IOS10-HW13-Maria Glushtsova";
			productReference = 84B9C7672A59B867005758C0 /* IOS10-HW13-Maria Glushtsova.app */;
			productType = "com.apple.product-type.application";
		};
/* End PBXNativeTarget section */

/* Begin PBXProject section */
		84B9C75F2A59B867005758C0 /* Project object */ = {
			isa = PBXProject;
			attributes = {
				BuildIndependentTargetsInParallel = 1;
				LastSwiftUpdateCheck = 1430;
				LastUpgradeCheck = 1430;
				TargetAttributes = {
					84B9C7662A59B867005758C0 = {
						CreatedOnToolsVersion = 14.3.1;
					};
				};
			};
			buildConfigurationList = 84B9C7622A59B867005758C0 /* Build configuration list for PBXProject "IOS10-HW13-Maria Glushtsova" */;
			compatibilityVersion = "Xcode 14.0";
			developmentRegion = en;
			hasScannedForEncodings = 0;
			knownRegions = (
				en,
				Base,
			);
			mainGroup = 84B9C75E2A59B867005758C0;
			packageReferences = (
				84B9C7832A59BC0C005758C0 /* XCRemoteSwiftPackageReference "SnapKit" */,
			);
			productRefGroup = 84B9C7682A59B867005758C0 /* Products */;
			projectDirPath = "";
			projectRoot = "";
			targets = (
				84B9C7662A59B867005758C0 /* IOS10-HW13-Maria Glushtsova */,
			);
		};
/* End PBXProject section */

/* Begin PBXResourcesBuildPhase section */
		84B9C7652A59B867005758C0 /* Resources */ = {
			isa = PBXResourcesBuildPhase;
			buildActionMask = 2147483647;
			files = (
				84B9C7772A59B869005758C0 /* LaunchScreen.storyboard in Resources */,
				84B9C7742A59B869005758C0 /* Assets.xcassets in Resources */,
			);
			runOnlyForDeploymentPostprocessing = 0;
		};
/* End PBXResourcesBuildPhase section */

/* Begin PBXSourcesBuildPhase section */
		84B9C7632A59B867005758C0 /* Sources */ = {
			isa = PBXSourcesBuildPhase;
			buildActionMask = 2147483647;
			files = (
				845AB0662A7FB4EA009E73F4 /* DetailedSettingsViewController.swift in Sources */,
				845AB0682A7FB4FC009E73F4 /* MVCView.swift in Sources */,
				845AB06A2A7FB531009E73F4 /* DetailedSettingsView.swift in Sources */,
				845AB0632A7FB4C2009E73F4 /* MVCController.swift in Sources */,
				84B9C78F2A5A10FC005758C0 /* DetailedSettingsViewViewController.swift in Sources */,
				84B9C76F2A59B867005758C0 /* ViewController.swift in Sources */,
				84B9C76B2A59B867005758C0 /* AppDelegate.swift in Sources */,
				84B9C76D2A59B867005758C0 /* SceneDelegate.swift in Sources */,
				84B9C78A2A59E087005758C0 /* SettingsTableViewCell.swift in Sources */,
				84B9C7872A59C15C005758C0 /* Model.swift in Sources */,
				84B9C78C2A59E23F005758C0 /* SwitchTableViewCell.swift in Sources */,
			);
			runOnlyForDeploymentPostprocessing = 0;
		};
/* End PBXSourcesBuildPhase section */

/* Begin PBXVariantGroup section */
		84B9C7752A59B869005758C0 /* LaunchScreen.storyboard */ = {
			isa = PBXVariantGroup;
			children = (
				84B9C7762A59B869005758C0 /* Base */,
			);
			name = LaunchScreen.storyboard;
			sourceTree = "<group>";
		};
/* End PBXVariantGroup section */

/* Begin XCBuildConfiguration section */
		84B9C7792A59B869005758C0 /* Debug */ = {
			isa = XCBuildConfiguration;
			buildSettings = {
				ALWAYS_SEARCH_USER_PATHS = NO;
				CLANG_ANALYZER_NONNULL = YES;
				CLANG_ANALYZER_NUMBER_OBJECT_CONVERSION = YES_AGGRESSIVE;
				CLANG_CXX_LANGUAGE_STANDARD = "gnu++20";
				CLANG_ENABLE_MODULES = YES;
				CLANG_ENABLE_OBJC_ARC = YES;
				CLANG_ENABLE_OBJC_WEAK = YES;
				CLANG_WARN_BLOCK_CAPTURE_AUTORELEASING = YES;
				CLANG_WARN_BOOL_CONVERSION = YES;
				CLANG_WARN_COMMA = YES;
				CLANG_WARN_CONSTANT_CONVERSION = YES;
				CLANG_WARN_DEPRECATED_OBJC_IMPLEMENTATIONS = YES;
				CLANG_WARN_DIRECT_OBJC_ISA_USAGE = YES_ERROR;
				CLANG_WARN_DOCUMENTATION_COMMENTS = YES;
				CLANG_WARN_EMPTY_BODY = YES;
				CLANG_WARN_ENUM_CONVERSION = YES;
				CLANG_WARN_INFINITE_RECURSION = YES;
				CLANG_WARN_INT_CONVERSION = YES;
				CLANG_WARN_NON_LITERAL_NULL_CONVERSION = YES;
				CLANG_WARN_OBJC_IMPLICIT_RETAIN_SELF = YES;
				CLANG_WARN_OBJC_LITERAL_CONVERSION = YES;
				CLANG_WARN_OBJC_ROOT_CLASS = YES_ERROR;
				CLANG_WARN_QUOTED_INCLUDE_IN_FRAMEWORK_HEADER = YES;
				CLANG_WARN_RANGE_LOOP_ANALYSIS = YES;
				CLANG_WARN_STRICT_PROTOTYPES = YES;
				CLANG_WARN_SUSPICIOUS_MOVE = YES;
				CLANG_WARN_UNGUARDED_AVAILABILITY = YES_AGGRESSIVE;
				CLANG_WARN_UNREACHABLE_CODE = YES;
				CLANG_WARN__DUPLICATE_METHOD_MATCH = YES;
				COPY_PHASE_STRIP = NO;
				DEBUG_INFORMATION_FORMAT = dwarf;
				ENABLE_STRICT_OBJC_MSGSEND = YES;
				ENABLE_TESTABILITY = YES;
				GCC_C_LANGUAGE_STANDARD = gnu11;
				GCC_DYNAMIC_NO_PIC = NO;
				GCC_NO_COMMON_BLOCKS = YES;
				GCC_OPTIMIZATION_LEVEL = 0;
				GCC_PREPROCESSOR_DEFINITIONS = (
					"DEBUG=1",
					"$(inherited)",
				);
				GCC_WARN_64_TO_32_BIT_CONVERSION = YES;
				GCC_WARN_ABOUT_RETURN_TYPE = YES_ERROR;
				GCC_WARN_UNDECLARED_SELECTOR = YES;
				GCC_WARN_UNINITIALIZED_AUTOS = YES_AGGRESSIVE;
				GCC_WARN_UNUSED_FUNCTION = YES;
				GCC_WARN_UNUSED_VARIABLE = YES;
				IPHONEOS_DEPLOYMENT_TARGET = 16.4;
				MTL_ENABLE_DEBUG_INFO = INCLUDE_SOURCE;
				MTL_FAST_MATH = YES;
				ONLY_ACTIVE_ARCH = YES;
				SDKROOT = iphoneos;
				SWIFT_ACTIVE_COMPILATION_CONDITIONS = DEBUG;
				SWIFT_OPTIMIZATION_LEVEL = "-Onone";
			};
			name = Debug;
		};
		84B9C77A2A59B869005758C0 /* Release */ = {
			isa = XCBuildConfiguration;
			buildSettings = {
				ALWAYS_SEARCH_USER_PATHS = NO;
				CLANG_ANALYZER_NONNULL = YES;
				CLANG_ANALYZER_NUMBER_OBJECT_CONVERSION = YES_AGGRESSIVE;
				CLANG_CXX_LANGUAGE_STANDARD = "gnu++20";
				CLANG_ENABLE_MODULES = YES;
				CLANG_ENABLE_OBJC_ARC = YES;
				CLANG_ENABLE_OBJC_WEAK = YES;
				CLANG_WARN_BLOCK_CAPTURE_AUTORELEASING = YES;
				CLANG_WARN_BOOL_CONVERSION = YES;
				CLANG_WARN_COMMA = YES;
				CLANG_WARN_CONSTANT_CONVERSION = YES;
				CLANG_WARN_DEPRECATED_OBJC_IMPLEMENTATIONS = YES;
				CLANG_WARN_DIRECT_OBJC_ISA_USAGE = YES_ERROR;
				CLANG_WARN_DOCUMENTATION_COMMENTS = YES;
				CLANG_WARN_EMPTY_BODY = YES;
				CLANG_WARN_ENUM_CONVERSION = YES;
				CLANG_WARN_INFINITE_RECURSION = YES;
				CLANG_WARN_INT_CONVERSION = YES;
				CLANG_WARN_NON_LITERAL_NULL_CONVERSION = YES;
				CLANG_WARN_OBJC_IMPLICIT_RETAIN_SELF = YES;
				CLANG_WARN_OBJC_LITERAL_CONVERSION = YES;
				CLANG_WARN_OBJC_ROOT_CLASS = YES_ERROR;
				CLANG_WARN_QUOTED_INCLUDE_IN_FRAMEWORK_HEADER = YES;
				CLANG_WARN_RANGE_LOOP_ANALYSIS = YES;
				CLANG_WARN_STRICT_PROTOTYPES = YES;
				CLANG_WARN_SUSPICIOUS_MOVE = YES;
				CLANG_WARN_UNGUARDED_AVAILABILITY = YES_AGGRESSIVE;
				CLANG_WARN_UNREACHABLE_CODE = YES;
				CLANG_WARN__DUPLICATE_METHOD_MATCH = YES;
				COPY_PHASE_STRIP = NO;
				DEBUG_INFORMATION_FORMAT = "dwarf-with-dsym";
				ENABLE_NS_ASSERTIONS = NO;
				ENABLE_STRICT_OBJC_MSGSEND = YES;
				GCC_C_LANGUAGE_STANDARD = gnu11;
				GCC_NO_COMMON_BLOCKS = YES;
				GCC_WARN_64_TO_32_BIT_CONVERSION = YES;
				GCC_WARN_ABOUT_RETURN_TYPE = YES_ERROR;
				GCC_WARN_UNDECLARED_SELECTOR = YES;
				GCC_WARN_UNINITIALIZED_AUTOS = YES_AGGRESSIVE;
				GCC_WARN_UNUSED_FUNCTION = YES;
				GCC_WARN_UNUSED_VARIABLE = YES;
				IPHONEOS_DEPLOYMENT_TARGET = 16.4;
				MTL_ENABLE_DEBUG_INFO = NO;
				MTL_FAST_MATH = YES;
				SDKROOT = iphoneos;
				SWIFT_COMPILATION_MODE = wholemodule;
				SWIFT_OPTIMIZATION_LEVEL = "-O";
				VALIDATE_PRODUCT = YES;
			};
			name = Release;
		};
		84B9C77C2A59B869005758C0 /* Debug */ = {
			isa = XCBuildConfiguration;
			buildSettings = {
				ASSETCATALOG_COMPILER_APPICON_NAME = AppIcon;
				ASSETCATALOG_COMPILER_GLOBAL_ACCENT_COLOR_NAME = AccentColor;
				CODE_SIGN_STYLE = Automatic;
				CURRENT_PROJECT_VERSION = 1;
				GENERATE_INFOPLIST_FILE = YES;
				INFOPLIST_FILE = "IOS10-HW13-Maria Glushtsova/Resources/Configuration/Info.plist";
				INFOPLIST_KEY_UIApplicationSupportsIndirectInputEvents = YES;
				INFOPLIST_KEY_UILaunchStoryboardName = LaunchScreen.storyboard;
				INFOPLIST_KEY_UISupportedInterfaceOrientations_iPad = "UIInterfaceOrientationPortrait UIInterfaceOrientationPortraitUpsideDown UIInterfaceOrientationLandscapeLeft UIInterfaceOrientationLandscapeRight";
				INFOPLIST_KEY_UISupportedInterfaceOrientations_iPhone = "UIInterfaceOrientationPortrait UIInterfaceOrientationLandscapeLeft UIInterfaceOrientationLandscapeRight";
				IPHONEOS_DEPLOYMENT_TARGET = 15.0;
				LD_RUNPATH_SEARCH_PATHS = (
					"$(inherited)",
					"@executable_path/Frameworks",
				);
				MARKETING_VERSION = 1.0;
				PRODUCT_BUNDLE_IDENTIFIER = "com.my.IOS10-HW13-Maria-Glushtsova";
				PRODUCT_NAME = "$(TARGET_NAME)";
				SWIFT_EMIT_LOC_STRINGS = YES;
				SWIFT_VERSION = 5.0;
				TARGETED_DEVICE_FAMILY = "1,2";
			};
			name = Debug;
		};
		84B9C77D2A59B869005758C0 /* Release */ = {
			isa = XCBuildConfiguration;
			buildSettings = {
				ASSETCATALOG_COMPILER_APPICON_NAME = AppIcon;
				ASSETCATALOG_COMPILER_GLOBAL_ACCENT_COLOR_NAME = AccentColor;
				CODE_SIGN_STYLE = Automatic;
				CURRENT_PROJECT_VERSION = 1;
				GENERATE_INFOPLIST_FILE = YES;
				INFOPLIST_FILE = "IOS10-HW13-Maria Glushtsova/Resources/Configuration/Info.plist";
				INFOPLIST_KEY_UIApplicationSupportsIndirectInputEvents = YES;
				INFOPLIST_KEY_UILaunchStoryboardName = LaunchScreen.storyboard;
				INFOPLIST_KEY_UISupportedInterfaceOrientations_iPad = "UIInterfaceOrientationPortrait UIInterfaceOrientationPortraitUpsideDown UIInterfaceOrientationLandscapeLeft UIInterfaceOrientationLandscapeRight";
				INFOPLIST_KEY_UISupportedInterfaceOrientations_iPhone = "UIInterfaceOrientationPortrait UIInterfaceOrientationLandscapeLeft UIInterfaceOrientationLandscapeRight";
				IPHONEOS_DEPLOYMENT_TARGET = 15.0;
				LD_RUNPATH_SEARCH_PATHS = (
					"$(inherited)",
					"@executable_path/Frameworks",
				);
				MARKETING_VERSION = 1.0;
				PRODUCT_BUNDLE_IDENTIFIER = "com.my.IOS10-HW13-Maria-Glushtsova";
				PRODUCT_NAME = "$(TARGET_NAME)";
				SWIFT_EMIT_LOC_STRINGS = YES;
				SWIFT_VERSION = 5.0;
				TARGETED_DEVICE_FAMILY = "1,2";
			};
			name = Release;
		};
/* End XCBuildConfiguration section */

/* Begin XCConfigurationList section */
		84B9C7622A59B867005758C0 /* Build configuration list for PBXProject "IOS10-HW13-Maria Glushtsova" */ = {
			isa = XCConfigurationList;
			buildConfigurations = (
				84B9C7792A59B869005758C0 /* Debug */,
				84B9C77A2A59B869005758C0 /* Release */,
			);
			defaultConfigurationIsVisible = 0;
			defaultConfigurationName = Release;
		};
		84B9C77B2A59B869005758C0 /* Build configuration list for PBXNativeTarget "IOS10-HW13-Maria Glushtsova" */ = {
			isa = XCConfigurationList;
			buildConfigurations = (
				84B9C77C2A59B869005758C0 /* Debug */,
				84B9C77D2A59B869005758C0 /* Release */,
			);
			defaultConfigurationIsVisible = 0;
			defaultConfigurationName = Release;
		};
/* End XCConfigurationList section */

/* Begin XCRemoteSwiftPackageReference section */
		84B9C7832A59BC0C005758C0 /* XCRemoteSwiftPackageReference "SnapKit" */ = {
			isa = XCRemoteSwiftPackageReference;
			repositoryURL = "https://github.com/SnapKit/SnapKit.git";
			requirement = {
				kind = upToNextMajorVersion;
				minimumVersion = 5.0.0;
			};
		};
/* End XCRemoteSwiftPackageReference section */

/* Begin XCSwiftPackageProductDependency section */
		84B9C7842A59BC0C005758C0 /* SnapKit */ = {
			isa = XCSwiftPackageProductDependency;
			package = 84B9C7832A59BC0C005758C0 /* XCRemoteSwiftPackageReference "SnapKit" */;
			productName = SnapKit;
		};
/* End XCSwiftPackageProductDependency section */
	};
	rootObject = 84B9C75F2A59B867005758C0 /* Project object */;
}
